
Microsoft Visual Studio Solution File, Format Version 12.00
# Visual Studio 2013
VisualStudioVersion = 12.0.31101.0
MinimumVisualStudioVersion = 10.0.40219.1
Project("{FAE04EC0-301F-11D3-BF4B-00C04F79EFBC}") = "GifAtMe.UIL", "GifAtMe\GifAtMe.UIL.csproj", "{3ADBEFC0-717B-4CD0-B2C5-4CCD8E6B9170}"
EndProject
Project("{FAE04EC0-301F-11D3-BF4B-00C04F79EFBC}") = "GifAtMe.Tests", "GifAtMe.Tests\GifAtMe.Tests.csproj", "{D4B5B204-0E88-4685-B362-166E3C73E9A1}"
EndProject
Project("{2150E333-8FDC-42A3-9474-1A3956D46DE8}") = "PublishScripts", "PublishScripts", "{0B1FC5C8-4909-40E9-B545-D6C3F121D1FD}"
	ProjectSection(SolutionItems) = preProject
		PublishScripts\AzureWebsitePublishModule.psm1 = PublishScripts\AzureWebsitePublishModule.psm1
		PublishScripts\Publish-WebApplicationWebsite.ps1 = PublishScripts\Publish-WebApplicationWebsite.ps1
	EndProjectSection
EndProject
Project("{2150E333-8FDC-42A3-9474-1A3956D46DE8}") = "Configurations", "Configurations", "{2229F795-36FA-4771-A34C-E215ECDEE1E3}"
	ProjectSection(SolutionItems) = preProject
		PublishScripts\Configurations\GifAtMe-WAWS-dev.json = PublishScripts\Configurations\GifAtMe-WAWS-dev.json
	EndProjectSection
EndProject
Project("{2150E333-8FDC-42A3-9474-1A3956D46DE8}") = ".nuget", ".nuget", "{AB0C194F-3569-4CD4-95C3-696C8F3E8474}"
	ProjectSection(SolutionItems) = preProject
		.nuget\NuGet.Config = .nuget\NuGet.Config
		.nuget\NuGet.exe = .nuget\NuGet.exe
		.nuget\NuGet.targets = .nuget\NuGet.targets
	EndProjectSection
EndProject
Project("{FAE04EC0-301F-11D3-BF4B-00C04F79EFBC}") = "GifAtMe.BLL", "GifAtMe.BL\GifAtMe.BLL.csproj", "{C7D80ADA-28DC-4677-BFF6-FFF5DFDCD7FF}"
EndProject
Project("{FAE04EC0-301F-11D3-BF4B-00C04F79EFBC}") = "GifAtMe.DAL", "GifAtMe.DAL\GifAtMe.DAL.csproj", "{C33C0FE5-4295-4339-9E09-D9F3740B1F54}"
EndProject
Global
	GlobalSection(SolutionConfigurationPlatforms) = preSolution
		Debug|Any CPU = Debug|Any CPU
		Release|Any CPU = Release|Any CPU
	EndGlobalSection
	GlobalSection(ProjectConfigurationPlatforms) = postSolution
		{3ADBEFC0-717B-4CD0-B2C5-4CCD8E6B9170}.Debug|Any CPU.ActiveCfg = Debug|Any CPU
		{3ADBEFC0-717B-4CD0-B2C5-4CCD8E6B9170}.Debug|Any CPU.Build.0 = Debug|Any CPU
		{3ADBEFC0-717B-4CD0-B2C5-4CCD8E6B9170}.Release|Any CPU.ActiveCfg = Release|Any CPU
		{3ADBEFC0-717B-4CD0-B2C5-4CCD8E6B9170}.Release|Any CPU.Build.0 = Release|Any CPU
		{D4B5B204-0E88-4685-B362-166E3C73E9A1}.Debug|Any CPU.ActiveCfg = Debug|Any CPU
		{D4B5B204-0E88-4685-B362-166E3C73E9A1}.Debug|Any CPU.Build.0 = Debug|Any CPU
		{D4B5B204-0E88-4685-B362-166E3C73E9A1}.Release|Any CPU.ActiveCfg = Release|Any CPU
		{D4B5B204-0E88-4685-B362-166E3C73E9A1}.Release|Any CPU.Build.0 = Release|Any CPU
		{C7D80ADA-28DC-4677-BFF6-FFF5DFDCD7FF}.Debug|Any CPU.ActiveCfg = Debug|Any CPU
		{C7D80ADA-28DC-4677-BFF6-FFF5DFDCD7FF}.Debug|Any CPU.Build.0 = Debug|Any CPU
		{C7D80ADA-28DC-4677-BFF6-FFF5DFDCD7FF}.Release|Any CPU.ActiveCfg = Release|Any CPU
		{C7D80ADA-28DC-4677-BFF6-FFF5DFDCD7FF}.Release|Any CPU.Build.0 = Release|Any CPU
		{C33C0FE5-4295-4339-9E09-D9F3740B1F54}.Debug|Any CPU.ActiveCfg = Debug|Any CPU
		{C33C0FE5-4295-4339-9E09-D9F3740B1F54}.Debug|Any CPU.Build.0 = Debug|Any CPU
		{C33C0FE5-4295-4339-9E09-D9F3740B1F54}.Release|Any CPU.ActiveCfg = Release|Any CPU
		{C33C0FE5-4295-4339-9E09-D9F3740B1F54}.Release|Any CPU.Build.0 = Release|Any CPU
	EndGlobalSection
	GlobalSection(SolutionProperties) = preSolution
		HideSolutionNode = FALSE
	EndGlobalSection
	GlobalSection(NestedProjects) = preSolution
		{2229F795-36FA-4771-A34C-E215ECDEE1E3} = {0B1FC5C8-4909-40E9-B545-D6C3F121D1FD}
	EndGlobalSection
EndGlobal
